
Microsoft Visual Studio Solution File, Format Version 12.00
# Visual Studio Version 16
VisualStudioVersion = 16.0.30804.86
MinimumVisualStudioVersion = 10.0.40219.1
Project("{FAE04EC0-301F-11D3-BF4B-00C04F79EFBC}") = "CpDashboard", "CpDashboard\CpDashboard.csproj", "{476FBBB3-0172-4FD9-B80D-17BCE9CEB40D}"
EndProject
Global
	GlobalSection(SolutionConfigurationPlatforms) = preSolution
		Debug|Any CPU = Debug|Any CPU
		Release|Any CPU = Release|Any CPU
	EndGlobalSection
	GlobalSection(ProjectConfigurationPlatforms) = postSolution
		{476FBBB3-0172-4FD9-B80D-17BCE9CEB40D}.Debug|Any CPU.ActiveCfg = Debug|Any CPU
		{476FBBB3-0172-4FD9-B80D-17BCE9CEB40D}.Debug|Any CPU.Build.0 = Debug|Any CPU
		{476FBBB3-0172-4FD9-B80D-17BCE9CEB40D}.Release|Any CPU.ActiveCfg = Release|Any CPU
		{476FBBB3-0172-4FD9-B80D-17BCE9CEB40D}.Release|Any CPU.Build.0 = Release|Any CPU
	EndGlobalSection
	GlobalSection(SolutionProperties) = preSolution
		HideSolutionNode = FALSE
	EndGlobalSection
	GlobalSection(ExtensibilityGlobals) = postSolution
		SolutionGuid = {4C226343-BAC5-4D96-A98B-9BDF8FC56438}
	EndGlobalSection
EndGlobal
